
Microsoft Visual Studio Solution File, Format Version 12.00
# Visual Studio 15
VisualStudioVersion = 15.0.28010.2050
MinimumVisualStudioVersion = 10.0.40219.1
Project("{FAE04EC0-301F-11D3-BF4B-00C04F79EFBC}") = "2020_TP_PortailNER_Agile", "2020_TP_PortailNER_Agile\2020_TP_PortailNER_Agile.csproj", "{5BAB2AEF-9646-49AF-B47D-91DDCDB84257}"
EndProject
Global
	GlobalSection(SolutionConfigurationPlatforms) = preSolution
		Debug|Any CPU = Debug|Any CPU
		Release|Any CPU = Release|Any CPU
	EndGlobalSection
	GlobalSection(ProjectConfigurationPlatforms) = postSolution
		{5BAB2AEF-9646-49AF-B47D-91DDCDB84257}.Debug|Any CPU.ActiveCfg = Debug|Any CPU
		{5BAB2AEF-9646-49AF-B47D-91DDCDB84257}.Debug|Any CPU.Build.0 = Debug|Any CPU
		{5BAB2AEF-9646-49AF-B47D-91DDCDB84257}.Release|Any CPU.ActiveCfg = Release|Any CPU
		{5BAB2AEF-9646-49AF-B47D-91DDCDB84257}.Release|Any CPU.Build.0 = Release|Any CPU
	EndGlobalSection
	GlobalSection(SolutionProperties) = preSolution
		HideSolutionNode = FALSE
	EndGlobalSection
	GlobalSection(ExtensibilityGlobals) = postSolution
		SolutionGuid = {C4CAC597-84D5-41E1-BF87-26F7CD237A75}
	EndGlobalSection
	GlobalSection(TeamFoundationVersionControl) = preSolution
		SccNumberOfProjects = 2
		SccEnterpriseProvider = {4CA58AB2-18FA-4F8D-95D4-32DDF27D184C}
		SccTeamFoundationServer = https://vmhtfs2018.hevs.ch/625-1
		SccLocalPath0 = .
		SccProjectUniqueName1 = 2020_TP_PortailNER_Agile\\2020_TP_PortailNER_Agile.csproj
		SccProjectName1 = 2020_TP_PortailNER_Agile
		SccLocalPath1 = 2020_TP_PortailNER_Agile
	EndGlobalSection
EndGlobal
